// !$*UTF8*$!
{
	archiveVersion = 1;
	classes = {
	};
	objectVersion = 50;
	objects = {

/* Begin PBXBuildFile section */
		843E5D1621B8CD6700E93C1C /* AppDelegate.swift in Sources */ = {isa = PBXBuildFile; fileRef = 843E5D1521B8CD6700E93C1C /* AppDelegate.swift */; };
		843E5D1821B8CD6700E93C1C /* ViewController.swift in Sources */ = {isa = PBXBuildFile; fileRef = 843E5D1721B8CD6700E93C1C /* ViewController.swift */; };
		843E5D1B21B8CD6700E93C1C /* Main.storyboard in Resources */ = {isa = PBXBuildFile; fileRef = 843E5D1921B8CD6700E93C1C /* Main.storyboard */; };
		843E5D1D21B8CD6800E93C1C /* Assets.xcassets in Resources */ = {isa = PBXBuildFile; fileRef = 843E5D1C21B8CD6800E93C1C /* Assets.xcassets */; };
		843E5D2021B8CD6800E93C1C /* LaunchScreen.storyboard in Resources */ = {isa = PBXBuildFile; fileRef = 843E5D1E21B8CD6800E93C1C /* LaunchScreen.storyboard */; };
		843E5D2821B8D46200E93C1C /* GitHubService.swift in Sources */ = {isa = PBXBuildFile; fileRef = 843E5D2721B8D46200E93C1C /* GitHubService.swift */; };
		84885F5921BC32D600561FBA /* GitHubTableViewCell.swift in Sources */ = {isa = PBXBuildFile; fileRef = 84885F5821BC32D600561FBA /* GitHubTableViewCell.swift */; };
		84885F5B21BC415300561FBA /* API.swift in Sources */ = {isa = PBXBuildFile; fileRef = 84885F5A21BC415300561FBA /* API.swift */; };
		84885F5D21BC425600561FBA /* GitHubUsersViewController.graphql in Resources */ = {isa = PBXBuildFile; fileRef = 84885F5C21BC425600561FBA /* GitHubUsersViewController.graphql */; };
		92EBA5E1E40C7EAA81B3DFAD /* Pods_RavnApp.framework in Frameworks */ = {isa = PBXBuildFile; fileRef = FC577B9ECCFAD68153E86395 /* Pods_RavnApp.framework */; };
/* End PBXBuildFile section */

/* Begin PBXFileReference section */
		18FCE93E69EB0F3EA81272BD /* Pods-RavnApp.release.xcconfig */ = {isa = PBXFileReference; includeInIndex = 1; lastKnownFileType = text.xcconfig; name = "Pods-RavnApp.release.xcconfig"; path = "Pods/Target Support Files/Pods-RavnApp/Pods-RavnApp.release.xcconfig"; sourceTree = "<group>"; };
		21C9B963BB79790B68229D73 /* Pods-RavnApp.debug.xcconfig */ = {isa = PBXFileReference; includeInIndex = 1; lastKnownFileType = text.xcconfig; name = "Pods-RavnApp.debug.xcconfig"; path = "Pods/Target Support Files/Pods-RavnApp/Pods-RavnApp.debug.xcconfig"; sourceTree = "<group>"; };
		843E5D1221B8CD6600E93C1C /* RavnApp.app */ = {isa = PBXFileReference; explicitFileType = wrapper.application; includeInIndex = 0; path = RavnApp.app; sourceTree = BUILT_PRODUCTS_DIR; };
		843E5D1521B8CD6700E93C1C /* AppDelegate.swift */ = {isa = PBXFileReference; lastKnownFileType = sourcecode.swift; path = AppDelegate.swift; sourceTree = "<group>"; };
		843E5D1721B8CD6700E93C1C /* ViewController.swift */ = {isa = PBXFileReference; lastKnownFileType = sourcecode.swift; path = ViewController.swift; sourceTree = "<group>"; };
		843E5D1A21B8CD6700E93C1C /* Base */ = {isa = PBXFileReference; lastKnownFileType = file.storyboard; name = Base; path = Base.lproj/Main.storyboard; sourceTree = "<group>"; };
		843E5D1C21B8CD6800E93C1C /* Assets.xcassets */ = {isa = PBXFileReference; lastKnownFileType = folder.assetcatalog; path = Assets.xcassets; sourceTree = "<group>"; };
		843E5D1F21B8CD6800E93C1C /* Base */ = {isa = PBXFileReference; lastKnownFileType = file.storyboard; name = Base; path = Base.lproj/LaunchScreen.storyboard; sourceTree = "<group>"; };
		843E5D2121B8CD6800E93C1C /* Info.plist */ = {isa = PBXFileReference; lastKnownFileType = text.plist.xml; path = Info.plist; sourceTree = "<group>"; };
		843E5D2721B8D46200E93C1C /* GitHubService.swift */ = {isa = PBXFileReference; lastKnownFileType = sourcecode.swift; path = GitHubService.swift; sourceTree = "<group>"; };
		84885F5821BC32D600561FBA /* GitHubTableViewCell.swift */ = {isa = PBXFileReference; lastKnownFileType = sourcecode.swift; path = GitHubTableViewCell.swift; sourceTree = "<group>"; };
		84885F5A21BC415300561FBA /* API.swift */ = {isa = PBXFileReference; fileEncoding = 4; lastKnownFileType = sourcecode.swift; name = API.swift; path = RavnApp/API.swift; sourceTree = SOURCE_ROOT; };
		84885F5C21BC425600561FBA /* GitHubUsersViewController.graphql */ = {isa = PBXFileReference; lastKnownFileType = text; path = GitHubUsersViewController.graphql; sourceTree = "<group>"; };
		FC577B9ECCFAD68153E86395 /* Pods_RavnApp.framework */ = {isa = PBXFileReference; explicitFileType = wrapper.framework; includeInIndex = 0; path = Pods_RavnApp.framework; sourceTree = BUILT_PRODUCTS_DIR; };
/* End PBXFileReference section */

/* Begin PBXFrameworksBuildPhase section */
		843E5D0F21B8CD6600E93C1C /* Frameworks */ = {
			isa = PBXFrameworksBuildPhase;
			buildActionMask = 2147483647;
			files = (
				92EBA5E1E40C7EAA81B3DFAD /* Pods_RavnApp.framework in Frameworks */,
			);
			runOnlyForDeploymentPostprocessing = 0;
		};
/* End PBXFrameworksBuildPhase section */

/* Begin PBXGroup section */
		3EA7177942E323F7B41AEBFA /* Pods */ = {
			isa = PBXGroup;
			children = (
				21C9B963BB79790B68229D73 /* Pods-RavnApp.debug.xcconfig */,
				18FCE93E69EB0F3EA81272BD /* Pods-RavnApp.release.xcconfig */,
			);
			name = Pods;
			sourceTree = "<group>";
		};
		843E5D0921B8CD6600E93C1C = {
			isa = PBXGroup;
			children = (
				843E5D1421B8CD6600E93C1C /* RavnApp */,
				843E5D1321B8CD6600E93C1C /* Products */,
				3EA7177942E323F7B41AEBFA /* Pods */,
				E1DD395730637066298035C4 /* Frameworks */,
			);
			sourceTree = "<group>";
		};
		843E5D1321B8CD6600E93C1C /* Products */ = {
			isa = PBXGroup;
			children = (
				843E5D1221B8CD6600E93C1C /* RavnApp.app */,
			);
			name = Products;
			sourceTree = "<group>";
		};
		843E5D1421B8CD6600E93C1C /* RavnApp */ = {
			isa = PBXGroup;
			children = (
				843E5D1521B8CD6700E93C1C /* AppDelegate.swift */,
				843E5D1721B8CD6700E93C1C /* ViewController.swift */,
				84885F5821BC32D600561FBA /* GitHubTableViewCell.swift */,
				84885F5A21BC415300561FBA /* API.swift */,
				84885F5C21BC425600561FBA /* GitHubUsersViewController.graphql */,
				843E5D2721B8D46200E93C1C /* GitHubService.swift */,
				843E5D1921B8CD6700E93C1C /* Main.storyboard */,
				843E5D1C21B8CD6800E93C1C /* Assets.xcassets */,
				843E5D1E21B8CD6800E93C1C /* LaunchScreen.storyboard */,
				843E5D2121B8CD6800E93C1C /* Info.plist */,
			);
			path = RavnApp;
			sourceTree = "<group>";
		};
		E1DD395730637066298035C4 /* Frameworks */ = {
			isa = PBXGroup;
			children = (
				FC577B9ECCFAD68153E86395 /* Pods_RavnApp.framework */,
			);
			name = Frameworks;
			sourceTree = "<group>";
		};
/* End PBXGroup section */

/* Begin PBXNativeTarget section */
		843E5D1121B8CD6600E93C1C /* RavnApp */ = {
			isa = PBXNativeTarget;
			buildConfigurationList = 843E5D2421B8CD6800E93C1C /* Build configuration list for PBXNativeTarget "RavnApp" */;
			buildPhases = (
				E2F7302C59CBF56065DA278A /* [CP] Check Pods Manifest.lock */,
				843E5D2921B8DBA700E93C1C /* Generate Apollo GraphQL API */,
				843E5D0E21B8CD6600E93C1C /* Sources */,
				843E5D0F21B8CD6600E93C1C /* Frameworks */,
				843E5D1021B8CD6600E93C1C /* Resources */,
				2F163001B98BD0F9E6194A3E /* [CP] Embed Pods Frameworks */,
			);
			buildRules = (
			);
			dependencies = (
			);
			name = RavnApp;
			productName = RavnApp;
			productReference = 843E5D1221B8CD6600E93C1C /* RavnApp.app */;
			productType = "com.apple.product-type.application";
		};
/* End PBXNativeTarget section */

/* Begin PBXProject section */
		843E5D0A21B8CD6600E93C1C /* Project object */ = {
			isa = PBXProject;
			attributes = {
				LastSwiftUpdateCheck = 1010;
				LastUpgradeCheck = 1010;
				ORGANIZATIONNAME = "Eliott Moreno";
				TargetAttributes = {
					843E5D1121B8CD6600E93C1C = {
						CreatedOnToolsVersion = 10.1;
					};
				};
			};
			buildConfigurationList = 843E5D0D21B8CD6600E93C1C /* Build configuration list for PBXProject "RavnApp" */;
			compatibilityVersion = "Xcode 9.3";
			developmentRegion = en;
			hasScannedForEncodings = 0;
			knownRegions = (
				en,
				Base,
			);
			mainGroup = 843E5D0921B8CD6600E93C1C;
			productRefGroup = 843E5D1321B8CD6600E93C1C /* Products */;
			projectDirPath = "";
			projectRoot = "";
			targets = (
				843E5D1121B8CD6600E93C1C /* RavnApp */,
			);
		};
/* End PBXProject section */

/* Begin PBXResourcesBuildPhase section */
		843E5D1021B8CD6600E93C1C /* Resources */ = {
			isa = PBXResourcesBuildPhase;
			buildActionMask = 2147483647;
			files = (
				843E5D2021B8CD6800E93C1C /* LaunchScreen.storyboard in Resources */,
				843E5D1D21B8CD6800E93C1C /* Assets.xcassets in Resources */,
				84885F5D21BC425600561FBA /* GitHubUsersViewController.graphql in Resources */,
				843E5D1B21B8CD6700E93C1C /* Main.storyboard in Resources */,
			);
			runOnlyForDeploymentPostprocessing = 0;
		};
/* End PBXResourcesBuildPhase section */

/* Begin PBXShellScriptBuildPhase section */
		2F163001B98BD0F9E6194A3E /* [CP] Embed Pods Frameworks */ = {
			isa = PBXShellScriptBuildPhase;
			buildActionMask = 2147483647;
			files = (
			);
			inputPaths = (
				"${SRCROOT}/Pods/Target Support Files/Pods-RavnApp/Pods-RavnApp-frameworks.sh",
				"${BUILT_PRODUCTS_DIR}/Apollo/Apollo.framework",
			);
			name = "[CP] Embed Pods Frameworks";
			outputPaths = (
				"${TARGET_BUILD_DIR}/${FRAMEWORKS_FOLDER_PATH}/Apollo.framework",
			);
			runOnlyForDeploymentPostprocessing = 0;
			shellPath = /bin/sh;
			shellScript = "\"${SRCROOT}/Pods/Target Support Files/Pods-RavnApp/Pods-RavnApp-frameworks.sh\"\n";
			showEnvVarsInLog = 0;
		};
		843E5D2921B8DBA700E93C1C /* Generate Apollo GraphQL API */ = {
			isa = PBXShellScriptBuildPhase;
			buildActionMask = 2147483647;
			files = (
			);
			inputFileListPaths = (
			);
			inputPaths = (
			);
			name = "Generate Apollo GraphQL API";
			outputFileListPaths = (
			);
			outputPaths = (
				"$(DERIVED_FILE_DIR)/API.swift",
			);
			runOnlyForDeploymentPostprocessing = 0;
			shellPath = /bin/sh;
			shellScript = "APOLLO_FRAMEWORK_PATH=\"$(eval find $FRAMEWORK_SEARCH_PATHS -name \"Apollo.framework\" -maxdepth 1)\"\n\nif [ -z \"$APOLLO_FRAMEWORK_PATH\" ]; then\necho \"error: Couldn't find Apollo.framework in FRAMEWORK_SEARCH_PATHS; make sure to add the framework to your project.\"\nexit 1\nfi\n\ncd \"${SRCROOT}/${TARGET_NAME}\"\n$APOLLO_FRAMEWORK_PATH/check-and-run-apollo-cli.sh codegen:generate --queries=\"$(find . -name '*.graphql')\" --schema=schema.json API.swift\n";
		};
		E2F7302C59CBF56065DA278A /* [CP] Check Pods Manifest.lock */ = {
			isa = PBXShellScriptBuildPhase;
			buildActionMask = 2147483647;
			files = (
			);
			inputPaths = (
				"${PODS_PODFILE_DIR_PATH}/Podfile.lock",
				"${PODS_ROOT}/Manifest.lock",
			);
			name = "[CP] Check Pods Manifest.lock";
			outputPaths = (
				"$(DERIVED_FILE_DIR)/Pods-RavnApp-checkManifestLockResult.txt",
			);
			runOnlyForDeploymentPostprocessing = 0;
			shellPath = /bin/sh;
			shellScript = "diff \"${PODS_PODFILE_DIR_PATH}/Podfile.lock\" \"${PODS_ROOT}/Manifest.lock\" > /dev/null\nif [ $? != 0 ] ; then\n    # print error to STDERR\n    echo \"error: The sandbox is not in sync with the Podfile.lock. Run 'pod install' or update your CocoaPods installation.\" >&2\n    exit 1\nfi\n# This output is used by Xcode 'outputs' to avoid re-running this script phase.\necho \"SUCCESS\" > \"${SCRIPT_OUTPUT_FILE_0}\"\n";
			showEnvVarsInLog = 0;
		};
/* End PBXShellScriptBuildPhase section */

/* Begin PBXSourcesBuildPhase section */
		843E5D0E21B8CD6600E93C1C /* Sources */ = {
			isa = PBXSourcesBuildPhase;
			buildActionMask = 2147483647;
			files = (
				843E5D1821B8CD6700E93C1C /* ViewController.swift in Sources */,
				843E5D2821B8D46200E93C1C /* GitHubService.swift in Sources */,
				843E5D1621B8CD6700E93C1C /* AppDelegate.swift in Sources */,
				84885F5921BC32D600561FBA /* GitHubTableViewCell.swift in Sources */,
				84885F5B21BC415300561FBA /* API.swift in Sources */,
			);
			runOnlyForDeploymentPostprocessing = 0;
		};
/* End PBXSourcesBuildPhase section */

/* Begin PBXVariantGroup section */
		843E5D1921B8CD6700E93C1C /* Main.storyboard */ = {
			isa = PBXVariantGroup;
			children = (
				843E5D1A21B8CD6700E93C1C /* Base */,
			);
			name = Main.storyboard;
			sourceTree = "<group>";
		};
		843E5D1E21B8CD6800E93C1C /* LaunchScreen.storyboard */ = {
			isa = PBXVariantGroup;
			children = (
				843E5D1F21B8CD6800E93C1C /* Base */,
			);
			name = LaunchScreen.storyboard;
			sourceTree = "<group>";
		};
/* End PBXVariantGroup section */

/* Begin XCBuildConfiguration section */
		843E5D2221B8CD6800E93C1C /* Debug */ = {
			isa = XCBuildConfiguration;
			buildSettings = {
				ALWAYS_SEARCH_USER_PATHS = NO;
				CLANG_ANALYZER_NONNULL = YES;
				CLANG_ANALYZER_NUMBER_OBJECT_CONVERSION = YES_AGGRESSIVE;
				CLANG_CXX_LANGUAGE_STANDARD = "gnu++14";
				CLANG_CXX_LIBRARY = "libc++";
				CLANG_ENABLE_MODULES = YES;
				CLANG_ENABLE_OBJC_ARC = YES;
				CLANG_ENABLE_OBJC_WEAK = YES;
				CLANG_WARN_BLOCK_CAPTURE_AUTORELEASING = YES;
				CLANG_WARN_BOOL_CONVERSION = YES;
				CLANG_WARN_COMMA = YES;
				CLANG_WARN_CONSTANT_CONVERSION = YES;
				CLANG_WARN_DEPRECATED_OBJC_IMPLEMENTATIONS = YES;
				CLANG_WARN_DIRECT_OBJC_ISA_USAGE = YES_ERROR;
				CLANG_WARN_DOCUMENTATION_COMMENTS = YES;
				CLANG_WARN_EMPTY_BODY = YES;
				CLANG_WARN_ENUM_CONVERSION = YES;
				CLANG_WARN_INFINITE_RECURSION = YES;
				CLANG_WARN_INT_CONVERSION = YES;
				CLANG_WARN_NON_LITERAL_NULL_CONVERSION = YES;
				CLANG_WARN_OBJC_IMPLICIT_RETAIN_SELF = YES;
				CLANG_WARN_OBJC_LITERAL_CONVERSION = YES;
				CLANG_WARN_OBJC_ROOT_CLASS = YES_ERROR;
				CLANG_WARN_RANGE_LOOP_ANALYSIS = YES;
				CLANG_WARN_STRICT_PROTOTYPES = YES;
				CLANG_WARN_SUSPICIOUS_MOVE = YES;
				CLANG_WARN_UNGUARDED_AVAILABILITY = YES_AGGRESSIVE;
				CLANG_WARN_UNREACHABLE_CODE = YES;
				CLANG_WARN__DUPLICATE_METHOD_MATCH = YES;
				CODE_SIGN_IDENTITY = "iPhone Developer";
				COPY_PHASE_STRIP = NO;
				DEBUG_INFORMATION_FORMAT = dwarf;
				ENABLE_STRICT_OBJC_MSGSEND = YES;
				ENABLE_TESTABILITY = YES;
				GCC_C_LANGUAGE_STANDARD = gnu11;
				GCC_DYNAMIC_NO_PIC = NO;
				GCC_NO_COMMON_BLOCKS = YES;
				GCC_OPTIMIZATION_LEVEL = 0;
				GCC_PREPROCESSOR_DEFINITIONS = (
					"DEBUG=1",
					"$(inherited)",
				);
				GCC_WARN_64_TO_32_BIT_CONVERSION = YES;
				GCC_WARN_ABOUT_RETURN_TYPE = YES_ERROR;
				GCC_WARN_UNDECLARED_SELECTOR = YES;
				GCC_WARN_UNINITIALIZED_AUTOS = YES_AGGRESSIVE;
				GCC_WARN_UNUSED_FUNCTION = YES;
				GCC_WARN_UNUSED_VARIABLE = YES;
				IPHONEOS_DEPLOYMENT_TARGET = 12.1;
				MTL_ENABLE_DEBUG_INFO = INCLUDE_SOURCE;
				MTL_FAST_MATH = YES;
				ONLY_ACTIVE_ARCH = YES;
				SDKROOT = iphoneos;
				SWIFT_ACTIVE_COMPILATION_CONDITIONS = DEBUG;
				SWIFT_OPTIMIZATION_LEVEL = "-Onone";
			};
			name = Debug;
		};
		843E5D2321B8CD6800E93C1C /* Release */ = {
			isa = XCBuildConfiguration;
			buildSettings = {
				ALWAYS_SEARCH_USER_PATHS = NO;
				CLANG_ANALYZER_NONNULL = YES;
				CLANG_ANALYZER_NUMBER_OBJECT_CONVERSION = YES_AGGRESSIVE;
				CLANG_CXX_LANGUAGE_STANDARD = "gnu++14";
				CLANG_CXX_LIBRARY = "libc++";
				CLANG_ENABLE_MODULES = YES;
				CLANG_ENABLE_OBJC_ARC = YES;
				CLANG_ENABLE_OBJC_WEAK = YES;
				CLANG_WARN_BLOCK_CAPTURE_AUTORELEASING = YES;
				CLANG_WARN_BOOL_CONVERSION = YES;
				CLANG_WARN_COMMA = YES;
				CLANG_WARN_CONSTANT_CONVERSION = YES;
				CLANG_WARN_DEPRECATED_OBJC_IMPLEMENTATIONS = YES;
				CLANG_WARN_DIRECT_OBJC_ISA_USAGE = YES_ERROR;
				CLANG_WARN_DOCUMENTATION_COMMENTS = YES;
				CLANG_WARN_EMPTY_BODY = YES;
				CLANG_WARN_ENUM_CONVERSION = YES;
				CLANG_WARN_INFINITE_RECURSION = YES;
				CLANG_WARN_INT_CONVERSION = YES;
				CLANG_WARN_NON_LITERAL_NULL_CONVERSION = YES;
				CLANG_WARN_OBJC_IMPLICIT_RETAIN_SELF = YES;
				CLANG_WARN_OBJC_LITERAL_CONVERSION = YES;
				CLANG_WARN_OBJC_ROOT_CLASS = YES_ERROR;
				CLANG_WARN_RANGE_LOOP_ANALYSIS = YES;
				CLANG_WARN_STRICT_PROTOTYPES = YES;
				CLANG_WARN_SUSPICIOUS_MOVE = YES;
				CLANG_WARN_UNGUARDED_AVAILABILITY = YES_AGGRESSIVE;
				CLANG_WARN_UNREACHABLE_CODE = YES;
				CLANG_WARN__DUPLICATE_METHOD_MATCH = YES;
				CODE_SIGN_IDENTITY = "iPhone Developer";
				COPY_PHASE_STRIP = NO;
				DEBUG_INFORMATION_FORMAT = "dwarf-with-dsym";
				ENABLE_NS_ASSERTIONS = NO;
				ENABLE_STRICT_OBJC_MSGSEND = YES;
				GCC_C_LANGUAGE_STANDARD = gnu11;
				GCC_NO_COMMON_BLOCKS = YES;
				GCC_WARN_64_TO_32_BIT_CONVERSION = YES;
				GCC_WARN_ABOUT_RETURN_TYPE = YES_ERROR;
				GCC_WARN_UNDECLARED_SELECTOR = YES;
				GCC_WARN_UNINITIALIZED_AUTOS = YES_AGGRESSIVE;
				GCC_WARN_UNUSED_FUNCTION = YES;
				GCC_WARN_UNUSED_VARIABLE = YES;
				IPHONEOS_DEPLOYMENT_TARGET = 12.1;
				MTL_ENABLE_DEBUG_INFO = NO;
				MTL_FAST_MATH = YES;
				SDKROOT = iphoneos;
				SWIFT_COMPILATION_MODE = wholemodule;
				SWIFT_OPTIMIZATION_LEVEL = "-O";
				VALIDATE_PRODUCT = YES;
			};
			name = Release;
		};
		843E5D2521B8CD6800E93C1C /* Debug */ = {
			isa = XCBuildConfiguration;
			baseConfigurationReference = 21C9B963BB79790B68229D73 /* Pods-RavnApp.debug.xcconfig */;
			buildSettings = {
				ASSETCATALOG_COMPILER_APPICON_NAME = AppIcon;
				CODE_SIGN_STYLE = Automatic;
				DEVELOPMENT_TEAM = L9FC66WBDS;
				INFOPLIST_FILE = RavnApp/Info.plist;
				LD_RUNPATH_SEARCH_PATHS = (
					"$(inherited)",
					"@executable_path/Frameworks",
				);
				PRODUCT_BUNDLE_IDENTIFIER = Moreno.RavnApp;
				PRODUCT_NAME = "$(TARGET_NAME)";
				SWIFT_VERSION = 4.2;
				TARGETED_DEVICE_FAMILY = "1,2";
			};
			name = Debug;
		};
		843E5D2621B8CD6800E93C1C /* Release */ = {
			isa = XCBuildConfiguration;
			baseConfigurationReference = 18FCE93E69EB0F3EA81272BD /* Pods-RavnApp.release.xcconfig */;
			buildSettings = {
				ASSETCATALOG_COMPILER_APPICON_NAME = AppIcon;
				CODE_SIGN_STYLE = Automatic;
				DEVELOPMENT_TEAM = L9FC66WBDS;
				INFOPLIST_FILE = RavnApp/Info.plist;
				LD_RUNPATH_SEARCH_PATHS = (
					"$(inherited)",
					"@executable_path/Frameworks",
				);
				PRODUCT_BUNDLE_IDENTIFIER = Moreno.RavnApp;
				PRODUCT_NAME = "$(TARGET_NAME)";
				SWIFT_VERSION = 4.2;
				TARGETED_DEVICE_FAMILY = "1,2";
			};
			name = Release;
		};
/* End XCBuildConfiguration section */

/* Begin XCConfigurationList section */
		843E5D0D21B8CD6600E93C1C /* Build configuration list for PBXProject "RavnApp" */ = {
			isa = XCConfigurationList;
			buildConfigurations = (
				843E5D2221B8CD6800E93C1C /* Debug */,
				843E5D2321B8CD6800E93C1C /* Release */,
			);
			defaultConfigurationIsVisible = 0;
			defaultConfigurationName = Release;
		};
		843E5D2421B8CD6800E93C1C /* Build configuration list for PBXNativeTarget "RavnApp" */ = {
			isa = XCConfigurationList;
			buildConfigurations = (
				843E5D2521B8CD6800E93C1C /* Debug */,
				843E5D2621B8CD6800E93C1C /* Release */,
			);
			defaultConfigurationIsVisible = 0;
			defaultConfigurationName = Release;
		};
/* End XCConfigurationList section */
	};
	rootObject = 843E5D0A21B8CD6600E93C1C /* Project object */;
}
